
Microsoft Visual Studio Solution File, Format Version 12.00
# Visual Studio Version 17
VisualStudioVersion = 17.0.31903.59
MinimumVisualStudioVersion = 10.0.40219.1
Project("{FAE04EC0-301F-11D3-BF4B-00C04F79EFBC}") = "DotnetModerniseDemo.Library", "DotnetModerniseDemo.Library\DotnetModerniseDemo.Library.csproj", "{DF0BC199-A47A-4983-9F72-9ADAC987BE44}"
EndProject
Project("{FAE04EC0-301F-11D3-BF4B-00C04F79EFBC}") = "DotnetModerniseDemo.Web", "DotnetModerniseDemo.Web\DotnetModerniseDemo.Web.csproj", "{613F1BCE-3150-4017-BFFB-2AEDB1B766B8}"
EndProject
Global
	GlobalSection(SolutionConfigurationPlatforms) = preSolution
		Debug|Any CPU = Debug|Any CPU
		Release|Any CPU = Release|Any CPU
	EndGlobalSection
	GlobalSection(SolutionProperties) = preSolution
		HideSolutionNode = FALSE
	EndGlobalSection
	GlobalSection(ProjectConfigurationPlatforms) = postSolution
		{DF0BC199-A47A-4983-9F72-9ADAC987BE44}.Debug|Any CPU.ActiveCfg = Debug|Any CPU
		{DF0BC199-A47A-4983-9F72-9ADAC987BE44}.Debug|Any CPU.Build.0 = Debug|Any CPU
		{DF0BC199-A47A-4983-9F72-9ADAC987BE44}.Release|Any CPU.ActiveCfg = Release|Any CPU
		{DF0BC199-A47A-4983-9F72-9ADAC987BE44}.Release|Any CPU.Build.0 = Release|Any CPU
		{613F1BCE-3150-4017-BFFB-2AEDB1B766B8}.Debug|Any CPU.ActiveCfg = Debug|Any CPU
		{613F1BCE-3150-4017-BFFB-2AEDB1B766B8}.Debug|Any CPU.Build.0 = Debug|Any CPU
		{613F1BCE-3150-4017-BFFB-2AEDB1B766B8}.Release|Any CPU.ActiveCfg = Release|Any CPU
		{613F1BCE-3150-4017-BFFB-2AEDB1B766B8}.Release|Any CPU.Build.0 = Release|Any CPU
	EndGlobalSection
EndGlobal
